lockfileVersion: '6.0'

dependencies:
  luxon:
    specifier: ^3.3.0
    version: 3.3.0
  p-queue:
    specifier: ^7.3.4
    version: 7.3.4

packages:

  /eventemitter3@4.0.7:
    resolution: {integrity: sha512-8guHBZCwKnFhYdHr2ysuRWErTwhoN2X8XELRlrRwpmfeY2jjuUN4taQMsULKUVo1K4DvZl+0pgfyoysHxvmvEw==}
    dev: false

  /luxon@3.3.0:
    resolution: {integrity: sha512-An0UCfG/rSiqtAIiBPO0Y9/zAnHUZxAMiCpTd5h2smgsj7GGmcenvrvww2cqNA8/4A5ZrD1gJpHN2mIHZQF+Mg==}
    engines: {node: '>=12'}
    dev: false

  /p-queue@7.3.4:
    resolution: {integrity: sha512-esox8CWt0j9EZECFvkFl2WNPat8LN4t7WWeXq73D9ha0V96qPRufApZi4ZhPwXAln1uVVal429HVVKPa2X0yQg==}
    engines: {node: '>=12'}
    dependencies:
      eventemitter3: 4.0.7
      p-timeout: 5.1.0
    dev: false

  /p-timeout@5.1.0:
    resolution: {integrity: sha512-auFDyzzzGZZZdHz3BtET9VEz0SE/uMEAx7uWfGPucfzEwwe/xH0iVeZibQmANYE/hp9T2+UUZT5m+BKyrDp3Ew==}
    engines: {node: '>=12'}
    dev: false
